{
  "version": 4,
  "terraform_version": "1.2.4",
  "serial": 14,
  "lineage": "4b9d54b1-dc68-1087-9933-a956168869be",
  "outputs": {
    "cluster_arn": {
      "value": "imp-ecs-consumption-cluster",
      "type": "string"
    },
    "service_name": {
      "value": "terraform-service",
      "type": "string"
    }
  },
  "resources": [
    {
      "module": "module.ecs-cluster",
      "mode": "managed",
      "type": "aws_ecs_cluster",
      "name": "my_cluster",
      "provider": "provider[\"registry.terraform.io/hashicorp/aws\"]",
      "instances": [
        {
          "schema_version": 0,
          "attributes": {
            "arn": "arn:aws:ecs:us-east-2:633489328820:cluster/imp-ecs-consumption-cluster",
            "configuration": [],
            "id": "arn:aws:ecs:us-east-2:633489328820:cluster/imp-ecs-consumption-cluster",
            "name": "imp-ecs-consumption-cluster",
            "service_connect_defaults": [],
            "setting": [
              {
                "name": "containerInsights",
                "value": "disabled"
              }
            ],
            "tags": {},
            "tags_all": {}
          },
          "sensitive_attributes": [],
          "private": "bnVsbA=="
        }
      ]
    },
    {
      "module": "module.ecs-cluster",
      "mode": "managed",
      "type": "aws_ecs_cluster_capacity_providers",
      "name": "my_cluster",
      "provider": "provider[\"registry.terraform.io/hashicorp/aws\"]",
      "instances": [
        {
          "schema_version": 0,
          "attributes": {
            "capacity_providers": [
              "FARGATE_SPOT"
            ],
            "cluster_name": "imp-ecs-consumption-cluster",
            "default_capacity_provider_strategy": [
              {
                "base": 0,
                "capacity_provider": "FARGATE_SPOT",
                "weight": 1
              }
            ],
            "id": "imp-ecs-consumption-cluster"
          },
          "sensitive_attributes": [],
          "private": "bnVsbA==",
          "dependencies": [
            "module.ecs-cluster.aws_ecs_cluster.my_cluster"
          ]
        }
      ]
    },
    {
      "module": "module.ecs-service",
      "mode": "data",
      "type": "terraform_remote_state",
      "name": "ecs_cluster_module",
      "provider": "provider[\"terraform.io/builtin/terraform\"]",
      "instances": [
        {
          "schema_version": 0,
          "attributes": {
            "backend": "local",
            "config": {
              "value": {
                "path": "/Users/naveen/terraform-abs/28jun2023/terraform-abs/ManagedServices/ECS/terraform.tfstate"
              },
              "type": [
                "object",
                {
                  "path": "string"
                }
              ]
            },
            "defaults": null,
            "outputs": {
              "value": {
                "cluster_arn": "imp-ecs-consumption-cluster",
                "service_name": "terraform-service"
              },
              "type": [
                "object",
                {
                  "cluster_arn": "string",
                  "service_name": "string"
                }
              ]
            },
            "workspace": null
          },
          "sensitive_attributes": []
        }
      ]
    },
    {
      "module": "module.ecs-service",
      "mode": "managed",
      "type": "aws_ecs_service",
      "name": "ecs_service",
      "provider": "provider[\"registry.terraform.io/hashicorp/aws\"]",
      "instances": [
        {
          "schema_version": 0,
          "attributes": {
            "alarms": [],
            "capacity_provider_strategy": [],
            "cluster": "imp-ecs-consumption-cluster",
            "deployment_circuit_breaker": [
              {
                "enable": false,
                "rollback": false
              }
            ],
            "deployment_controller": [
              {
                "type": "ECS"
              }
            ],
            "deployment_maximum_percent": 200,
            "deployment_minimum_healthy_percent": 100,
            "desired_count": 2,
            "enable_ecs_managed_tags": false,
            "enable_execute_command": false,
            "force_new_deployment": null,
            "health_check_grace_period_seconds": 0,
            "iam_role": "/aws-service-role/ecs.amazonaws.com/AWSServiceRoleForECS",
            "id": "arn:aws:ecs:us-east-2:633489328820:service/imp-ecs-consumption-cluster/terraform-service",
            "launch_type": "",
            "load_balancer": [],
            "name": "terraform-service",
            "network_configuration": [
              {
                "assign_public_ip": true,
                "security_groups": [
                  "sg-0e9a6a8e0c7c926f1"
                ],
                "subnets": [
                  "subnet-273c686b",
                  "subnet-6d75c206"
                ]
              }
            ],
            "ordered_placement_strategy": [],
            "placement_constraints": [],
            "platform_version": "LATEST",
            "propagate_tags": "NONE",
            "scheduling_strategy": "REPLICA",
            "service_connect_configuration": [],
            "service_registries": [],
            "tags": null,
            "tags_all": {},
            "task_definition": "arn:aws:ecs:us-east-2:633489328820:task-definition/terraform-taskdef:1",
            "timeouts": null,
            "triggers": {},
            "wait_for_steady_state": false
          },
          "sensitive_attributes": [],
          "private": "eyJlMmJmYjczMC1lY2FhLTExZTYtOGY4OC0zNDM2M2JjN2M0YzAiOnsiY3JlYXRlIjoxMjAwMDAwMDAwMDAwLCJkZWxldGUiOjEyMDAwMDAwMDAwMDAsInVwZGF0ZSI6MTIwMDAwMDAwMDAwMH19",
          "dependencies": [
            "module.ecs-service.aws_ecs_task_definition.taskdef",
            "module.ecs-service.data.terraform_remote_state.ecs_cluster_module"
          ]
        }
      ]
    },
    {
      "module": "module.ecs-service",
      "mode": "managed",
      "type": "aws_ecs_task_definition",
      "name": "taskdef",
      "provider": "provider[\"registry.terraform.io/hashicorp/aws\"]",
      "instances": [
        {
          "schema_version": 1,
          "attributes": {
            "arn": "arn:aws:ecs:us-east-2:633489328820:task-definition/terraform-taskdef:1",
            "arn_without_revision": "arn:aws:ecs:us-east-2:633489328820:task-definition/terraform-taskdef",
            "container_definitions": "[{\"cpu\":256,\"environment\":[],\"essential\":true,\"image\":\"892339339186.dkr.ecr.ap-southeast-1.amazonaws.com/test-app\",\"memory\":512,\"mountPoints\":[],\"name\":\"my-container\",\"portMappings\":[{\"containerPort\":3000,\"hostPort\":3000,\"protocol\":\"tcp\"}],\"volumesFrom\":[]}]",
            "cpu": "1024",
            "ephemeral_storage": [],
            "execution_role_arn": "arn:aws:iam::633489328820:role/terraform-task-execution-role",
            "family": "terraform-taskdef",
            "id": "terraform-taskdef",
            "inference_accelerator": [],
            "ipc_mode": "",
            "memory": "2048",
            "network_mode": "awsvpc",
            "pid_mode": "",
            "placement_constraints": [],
            "proxy_configuration": [],
            "requires_compatibilities": [
              "FARGATE"
            ],
            "revision": 1,
            "runtime_platform": [
              {
                "cpu_architecture": "X86_64",
                "operating_system_family": "LINUX"
              }
            ],
            "skip_destroy": false,
            "tags": {},
            "tags_all": {},
            "task_role_arn": "arn:aws:iam::633489328820:role/terraform-task-execution-role",
            "volume": []
          },
          "sensitive_attributes": [],
          "private": "eyJzY2hlbWFfdmVyc2lvbiI6IjEifQ==",
          "dependencies": [
            "module.ecs-service.aws_iam_role.role"
          ]
        }
      ]
    },
    {
      "module": "module.ecs-service",
      "mode": "managed",
      "type": "aws_iam_role",
      "name": "role",
      "provider": "provider[\"registry.terraform.io/hashicorp/aws\"]",
      "instances": [
        {
          "schema_version": 0,
          "attributes": {
            "arn": "arn:aws:iam::633489328820:role/terraform-task-execution-role",
            "assume_role_policy": "{\"Statement\":[{\"Action\":\"sts:AssumeRole\",\"Effect\":\"Allow\",\"Principal\":{\"Service\":[\"ecs.amazonaws.com\",\"ecs-tasks.amazonaws.com\"]},\"Sid\":\"\"}],\"Version\":\"2012-10-17\"}",
            "create_date": "2023-06-28T06:31:51Z",
            "description": "",
            "force_detach_policies": false,
            "id": "terraform-task-execution-role",
            "inline_policy": [],
            "managed_policy_arns": [
              "arn:aws:iam::aws:policy/AmazonS3FullAccess",
              "arn:aws:iam::aws:policy/service-role/AmazonECSTaskExecutionRolePolicy"
            ],
            "max_session_duration": 3600,
            "name": "terraform-task-execution-role",
            "name_prefix": "",
            "path": "/",
            "permissions_boundary": null,
            "tags": {},
            "tags_all": {},
            "unique_id": "AROAZG7XIBK2JVXKIWADP"
          },
          "sensitive_attributes": [],
          "private": "bnVsbA=="
        }
      ]
    },
    {
      "module": "module.ecs-service",
      "mode": "managed",
      "type": "aws_iam_role_policy_attachment",
      "name": "attach1",
      "provider": "provider[\"registry.terraform.io/hashicorp/aws\"]",
      "instances": [
        {
          "schema_version": 0,
          "attributes": {
            "id": "terraform-task-execution-role-20230628063153149300000001",
            "policy_arn": "arn:aws:iam::aws:policy/AmazonS3FullAccess",
            "role": "terraform-task-execution-role"
          },
          "sensitive_attributes": [],
          "private": "bnVsbA==",
          "dependencies": [
            "module.ecs-service.aws_iam_role.role"
          ]
        }
      ]
    },
    {
      "module": "module.ecs-service",
      "mode": "managed",
      "type": "aws_iam_role_policy_attachment",
      "name": "attach2",
      "provider": "provider[\"registry.terraform.io/hashicorp/aws\"]",
      "instances": [
        {
          "schema_version": 0,
          "attributes": {
            "id": "terraform-task-execution-role-20230628063153412300000002",
            "policy_arn": "arn:aws:iam::aws:policy/service-role/AmazonECSTaskExecutionRolePolicy",
            "role": "terraform-task-execution-role"
          },
          "sensitive_attributes": [],
          "private": "bnVsbA==",
          "dependencies": [
            "module.ecs-service.aws_iam_role.role"
          ]
        }
      ]
    }
  ]
}
