{
  "version": 4,
  "terraform_version": "1.2.4",
  "serial": 70,
  "lineage": "7beabe94-7924-9f77-b437-e705be2797a7",
  "outputs": {},
  "resources": [
    {
      "module": "module.site_origin_cloudfront",
      "mode": "data",
      "type": "aws_iam_policy_document",
      "name": "site_origin",
      "provider": "provider[\"registry.terraform.io/hashicorp/aws\"]",
      "instances": [
        {
          "schema_version": 0,
          "attributes": {
            "id": "2919396782",
            "json": "{\n  \"Version\": \"2012-10-17\",\n  \"Statement\": [\n    {\n      \"Sid\": \"s3_cloudfront_status_website\",\n      \"Effect\": \"Allow\",\n      \"Action\": \"s3:GetObject\",\n      \"Resource\": \"arn:aws:s3:::site-origin-003/*\",\n      \"Principal\": {\n        \"Service\": \"cloudfront.amazonaws.com\"\n      },\n      \"Condition\": {\n        \"StringEquals\": {\n          \"AWS:SourceArn\": \"arn:aws:cloudfront::996478355195:distribution/E1K6CGAUY3SOYR\"\n        }\n      }\n    }\n  ]\n}",
            "override_policy_documents": null,
            "policy_id": null,
            "source_policy_documents": null,
            "statement": [
              {
                "actions": [
                  "s3:GetObject"
                ],
                "condition": [
                  {
                    "test": "StringEquals",
                    "values": [
                      "arn:aws:cloudfront::996478355195:distribution/E1K6CGAUY3SOYR"
                    ],
                    "variable": "AWS:SourceArn"
                  }
                ],
                "effect": "Allow",
                "not_actions": [],
                "not_principals": [],
                "not_resources": [],
                "principals": [
                  {
                    "identifiers": [
                      "cloudfront.amazonaws.com"
                    ],
                    "type": "Service"
                  }
                ],
                "resources": [
                  "arn:aws:s3:::site-origin-003/*"
                ],
                "sid": "s3_cloudfront_status_website"
              }
            ],
            "version": "2012-10-17"
          },
          "sensitive_attributes": []
        }
      ]
    },
    {
      "module": "module.site_origin_cloudfront",
      "mode": "managed",
      "type": "aws_cloudfront_distribution",
      "name": "site_access",
      "provider": "provider[\"registry.terraform.io/hashicorp/aws\"]",
      "instances": [
        {
          "schema_version": 1,
          "attributes": {
            "aliases": null,
            "arn": "arn:aws:cloudfront::996478355195:distribution/E1K6CGAUY3SOYR",
            "caller_reference": "terraform-20230627075355680700000002",
            "comment": null,
            "custom_error_response": [],
            "default_cache_behavior": [
              {
                "allowed_methods": [
                  "DELETE",
                  "GET",
                  "HEAD",
                  "OPTIONS",
                  "PATCH",
                  "POST",
                  "PUT"
                ],
                "cache_policy_id": "",
                "cached_methods": [
                  "GET",
                  "HEAD"
                ],
                "compress": false,
                "default_ttl": 0,
                "field_level_encryption_id": "",
                "forwarded_values": [
                  {
                    "cookies": [
                      {
                        "forward": "none",
                        "whitelisted_names": []
                      }
                    ],
                    "headers": [],
                    "query_string": false,
                    "query_string_cache_keys": []
                  }
                ],
                "function_association": [],
                "lambda_function_association": [],
                "max_ttl": 0,
                "min_ttl": 0,
                "origin_request_policy_id": "",
                "realtime_log_config_arn": "",
                "response_headers_policy_id": "",
                "smooth_streaming": false,
                "target_origin_id": "site-origin-003",
                "trusted_key_groups": [],
                "trusted_signers": [],
                "viewer_protocol_policy": "https-only"
              }
            ],
            "default_root_object": "index.html",
            "domain_name": "d1mbk9om28a74l.cloudfront.net",
            "enabled": true,
            "etag": "E3PX49XM25HEWU",
            "hosted_zone_id": "Z2FDTNDATAQYW2",
            "http_version": "http2",
            "id": "E1K6CGAUY3SOYR",
            "in_progress_validation_batches": 0,
            "is_ipv6_enabled": false,
            "last_modified_time": "2023-06-27 07:53:56.188 +0000 UTC",
            "logging_config": [],
            "ordered_cache_behavior": [],
            "origin": [
              {
                "connection_attempts": 3,
                "connection_timeout": 10,
                "custom_header": [],
                "custom_origin_config": [],
                "domain_name": "site-origin-003.s3.amazonaws.com",
                "origin_access_control_id": "EB6S28GF33AU2",
                "origin_id": "site-origin-003",
                "origin_path": "",
                "origin_shield": [],
                "s3_origin_config": []
              }
            ],
            "origin_group": [],
            "price_class": "PriceClass_All",
            "restrictions": [
              {
                "geo_restriction": [
                  {
                    "locations": [],
                    "restriction_type": "none"
                  }
                ]
              }
            ],
            "retain_on_delete": false,
            "status": "Deployed",
            "tags": null,
            "tags_all": {},
            "trusted_key_groups": [
              {
                "enabled": false,
                "items": []
              }
            ],
            "trusted_signers": [
              {
                "enabled": false,
                "items": []
              }
            ],
            "viewer_certificate": [
              {
                "acm_certificate_arn": "",
                "cloudfront_default_certificate": true,
                "iam_certificate_id": "",
                "minimum_protocol_version": "TLSv1",
                "ssl_support_method": ""
              }
            ],
            "wait_for_deployment": true,
            "web_acl_id": ""
          },
          "sensitive_attributes": [],
          "private": "eyJzY2hlbWFfdmVyc2lvbiI6IjEifQ==",
          "dependencies": [
            "module.site_origin_cloudfront.aws_cloudfront_origin_access_control.site_access",
            "module.site_origin_cloudfront.aws_s3_bucket.site_origin",
            "module.site_origin_cloudfront.random_id.oac_id"
          ]
        }
      ]
    },
    {
      "module": "module.site_origin_cloudfront",
      "mode": "managed",
      "type": "aws_cloudfront_origin_access_control",
      "name": "site_access",
      "provider": "provider[\"registry.terraform.io/hashicorp/aws\"]",
      "instances": [
        {
          "schema_version": 0,
          "attributes": {
            "description": "Example Policy",
            "etag": "ETVPDKIKX0DER",
            "id": "EB6S28GF33AU2",
            "name": "security_cf_s3_oac1-c725d38cd7af7fdc",
            "origin_access_control_origin_type": "s3",
            "signing_behavior": "always",
            "signing_protocol": "sigv4"
          },
          "sensitive_attributes": [],
          "private": "bnVsbA==",
          "dependencies": [
            "module.site_origin_cloudfront.random_id.oac_id"
          ]
        }
      ]
    },
    {
      "module": "module.site_origin_cloudfront",
      "mode": "managed",
      "type": "aws_s3_bucket",
      "name": "site_origin",
      "provider": "provider[\"registry.terraform.io/hashicorp/aws\"]",
      "instances": [
        {
          "schema_version": 0,
          "attributes": {
            "acceleration_status": "",
            "acl": null,
            "arn": "arn:aws:s3:::site-origin-003",
            "bucket": "site-origin-003",
            "bucket_domain_name": "site-origin-003.s3.amazonaws.com",
            "bucket_prefix": "",
            "bucket_regional_domain_name": "site-origin-003.s3.us-east-1.amazonaws.com",
            "cors_rule": [],
            "force_destroy": false,
            "grant": [
              {
                "id": "a0acafa09af710e8533884a35a6dda1ec1171529ca950ae9d9723c42731cdb82",
                "permissions": [
                  "FULL_CONTROL"
                ],
                "type": "CanonicalUser",
                "uri": ""
              }
            ],
            "hosted_zone_id": "Z3AQBSTGFYJSTF",
            "id": "site-origin-003",
            "lifecycle_rule": [],
            "logging": [],
            "object_lock_configuration": [],
            "object_lock_enabled": false,
            "policy": "",
            "region": "us-east-1",
            "replication_configuration": [],
            "request_payer": "BucketOwner",
            "server_side_encryption_configuration": [
              {
                "rule": [
                  {
                    "apply_server_side_encryption_by_default": [
                      {
                        "kms_master_key_id": "",
                        "sse_algorithm": "AES256"
                      }
                    ],
                    "bucket_key_enabled": false
                  }
                ]
              }
            ],
            "tags": {
              "environment": "labs"
            },
            "tags_all": {
              "environment": "labs"
            },
            "timeouts": null,
            "versioning": [
              {
                "enabled": false,
                "mfa_delete": false
              }
            ],
            "website": [],
            "website_domain": null,
            "website_endpoint": null
          },
          "sensitive_attributes": [],
          "private": "eyJlMmJmYjczMC1lY2FhLTExZTYtOGY4OC0zNDM2M2JjN2M0YzAiOnsiY3JlYXRlIjoxMjAwMDAwMDAwMDAwLCJkZWxldGUiOjM2MDAwMDAwMDAwMDAsInJlYWQiOjEyMDAwMDAwMDAwMDAsInVwZGF0ZSI6MTIwMDAwMDAwMDAwMH19"
        }
      ]
    },
    {
      "module": "module.site_origin_cloudfront",
      "mode": "managed",
      "type": "aws_s3_bucket_policy",
      "name": "site_origin",
      "provider": "provider[\"registry.terraform.io/hashicorp/aws\"]",
      "instances": [
        {
          "schema_version": 0,
          "attributes": {
            "bucket": "site-origin-003",
            "id": "site-origin-003",
            "policy": "{\"Statement\":[{\"Action\":\"s3:GetObject\",\"Condition\":{\"StringEquals\":{\"AWS:SourceArn\":\"arn:aws:cloudfront::996478355195:distribution/E1K6CGAUY3SOYR\"}},\"Effect\":\"Allow\",\"Principal\":{\"Service\":\"cloudfront.amazonaws.com\"},\"Resource\":\"arn:aws:s3:::site-origin-003/*\",\"Sid\":\"s3_cloudfront_status_website\"}],\"Version\":\"2012-10-17\"}"
          },
          "sensitive_attributes": [],
          "private": "bnVsbA==",
          "dependencies": [
            "module.site_origin_cloudfront.aws_cloudfront_distribution.site_access",
            "module.site_origin_cloudfront.aws_cloudfront_origin_access_control.site_access",
            "module.site_origin_cloudfront.aws_s3_bucket.site_origin",
            "module.site_origin_cloudfront.data.aws_iam_policy_document.site_origin",
            "module.site_origin_cloudfront.random_id.oac_id"
          ]
        }
      ]
    },
    {
      "module": "module.site_origin_cloudfront",
      "mode": "managed",
      "type": "aws_s3_bucket_public_access_block",
      "name": "site_origin",
      "provider": "provider[\"registry.terraform.io/hashicorp/aws\"]",
      "instances": [
        {
          "schema_version": 0,
          "attributes": {
            "block_public_acls": true,
            "block_public_policy": true,
            "bucket": "site-origin-003",
            "id": "site-origin-003",
            "ignore_public_acls": true,
            "restrict_public_buckets": true
          },
          "sensitive_attributes": [],
          "private": "bnVsbA==",
          "dependencies": [
            "module.site_origin_cloudfront.aws_s3_bucket.site_origin"
          ]
        }
      ]
    },
    {
      "module": "module.site_origin_cloudfront",
      "mode": "managed",
      "type": "aws_s3_bucket_server_side_encryption_configuration",
      "name": "site_origin",
      "provider": "provider[\"registry.terraform.io/hashicorp/aws\"]",
      "instances": [
        {
          "schema_version": 0,
          "attributes": {
            "bucket": "site-origin-003",
            "expected_bucket_owner": "",
            "id": "site-origin-003",
            "rule": [
              {
                "apply_server_side_encryption_by_default": [
                  {
                    "kms_master_key_id": "",
                    "sse_algorithm": "AES256"
                  }
                ],
                "bucket_key_enabled": null
              }
            ]
          },
          "sensitive_attributes": [],
          "private": "bnVsbA==",
          "dependencies": [
            "module.site_origin_cloudfront.aws_s3_bucket.site_origin"
          ]
        }
      ]
    },
    {
      "module": "module.site_origin_cloudfront",
      "mode": "managed",
      "type": "aws_s3_bucket_versioning",
      "name": "site_origin",
      "provider": "provider[\"registry.terraform.io/hashicorp/aws\"]",
      "instances": [
        {
          "schema_version": 0,
          "attributes": {
            "bucket": "site-origin-003",
            "expected_bucket_owner": "",
            "id": "site-origin-003",
            "mfa": null,
            "versioning_configuration": [
              {
                "mfa_delete": "",
                "status": "Enabled"
              }
            ]
          },
          "sensitive_attributes": [],
          "private": "bnVsbA==",
          "dependencies": [
            "module.site_origin_cloudfront.aws_s3_bucket.site_origin"
          ]
        }
      ]
    },
    {
      "module": "module.site_origin_cloudfront",
      "mode": "managed",
      "type": "aws_s3_object",
      "name": "content",
      "provider": "provider[\"registry.terraform.io/hashicorp/aws\"]",
      "instances": [
        {
          "schema_version": 0,
          "attributes": {
            "acl": null,
            "bucket": "site-origin-003",
            "bucket_key_enabled": false,
            "cache_control": "",
            "content": null,
            "content_base64": null,
            "content_disposition": "",
            "content_encoding": "",
            "content_language": "",
            "content_type": "text/html",
            "etag": "7f0a593d1593d5bd90a536154e1d0849",
            "force_destroy": false,
            "id": "index.html",
            "key": "index.html",
            "kms_key_id": null,
            "metadata": null,
            "object_lock_legal_hold_status": "",
            "object_lock_mode": "",
            "object_lock_retain_until_date": "",
            "server_side_encryption": "AES256",
            "source": "./index.html",
            "source_hash": null,
            "storage_class": "STANDARD",
            "tags": null,
            "tags_all": {},
            "version_id": "mvnwIVwfv94tqDxhw90imIBBxgCrDq6n",
            "website_redirect": ""
          },
          "sensitive_attributes": [],
          "private": "bnVsbA==",
          "dependencies": [
            "module.site_origin_cloudfront.aws_s3_bucket.site_origin"
          ]
        }
      ]
    },
    {
      "module": "module.site_origin_cloudfront",
      "mode": "managed",
      "type": "random_id",
      "name": "oac_id",
      "provider": "provider[\"registry.terraform.io/hashicorp/random\"]",
      "instances": [
        {
          "schema_version": 0,
          "attributes": {
            "b64_std": "xyXTjNevf9w=",
            "b64_url": "xyXTjNevf9w",
            "byte_length": 8,
            "dec": "14350108389553438684",
            "hex": "c725d38cd7af7fdc",
            "id": "xyXTjNevf9w",
            "keepers": null,
            "prefix": null
          },
          "sensitive_attributes": []
        }
      ]
    },
    {
      "module": "module.site_origin_cloudfront2",
      "mode": "data",
      "type": "aws_iam_policy_document",
      "name": "site_origin",
      "provider": "provider[\"registry.terraform.io/hashicorp/aws\"]",
      "instances": [
        {
          "schema_version": 0,
          "attributes": {
            "id": "1553348962",
            "json": "{\n  \"Version\": \"2012-10-17\",\n  \"Statement\": [\n    {\n      \"Sid\": \"s3_cloudfront_status_website\",\n      \"Effect\": \"Allow\",\n      \"Action\": \"s3:GetObject\",\n      \"Resource\": \"arn:aws:s3:::site-origin-004/*\",\n      \"Principal\": {\n        \"Service\": \"cloudfront.amazonaws.com\"\n      },\n      \"Condition\": {\n        \"StringEquals\": {\n          \"AWS:SourceArn\": \"arn:aws:cloudfront::996478355195:distribution/EDMAPXOPDB4XI\"\n        }\n      }\n    }\n  ]\n}",
            "override_policy_documents": null,
            "policy_id": null,
            "source_policy_documents": null,
            "statement": [
              {
                "actions": [
                  "s3:GetObject"
                ],
                "condition": [
                  {
                    "test": "StringEquals",
                    "values": [
                      "arn:aws:cloudfront::996478355195:distribution/EDMAPXOPDB4XI"
                    ],
                    "variable": "AWS:SourceArn"
                  }
                ],
                "effect": "Allow",
                "not_actions": [],
                "not_principals": [],
                "not_resources": [],
                "principals": [
                  {
                    "identifiers": [
                      "cloudfront.amazonaws.com"
                    ],
                    "type": "Service"
                  }
                ],
                "resources": [
                  "arn:aws:s3:::site-origin-004/*"
                ],
                "sid": "s3_cloudfront_status_website"
              }
            ],
            "version": "2012-10-17"
          },
          "sensitive_attributes": []
        }
      ]
    },
    {
      "module": "module.site_origin_cloudfront2",
      "mode": "managed",
      "type": "aws_cloudfront_distribution",
      "name": "site_access",
      "provider": "provider[\"registry.terraform.io/hashicorp/aws\"]",
      "instances": [
        {
          "schema_version": 1,
          "attributes": {
            "aliases": null,
            "arn": "arn:aws:cloudfront::996478355195:distribution/EDMAPXOPDB4XI",
            "caller_reference": "terraform-20230627075355680700000001",
            "comment": null,
            "custom_error_response": [],
            "default_cache_behavior": [
              {
                "allowed_methods": [
                  "DELETE",
                  "GET",
                  "HEAD",
                  "OPTIONS",
                  "PATCH",
                  "POST",
                  "PUT"
                ],
                "cache_policy_id": "",
                "cached_methods": [
                  "GET",
                  "HEAD"
                ],
                "compress": false,
                "default_ttl": 0,
                "field_level_encryption_id": "",
                "forwarded_values": [
                  {
                    "cookies": [
                      {
                        "forward": "none",
                        "whitelisted_names": []
                      }
                    ],
                    "headers": [],
                    "query_string": false,
                    "query_string_cache_keys": []
                  }
                ],
                "function_association": [],
                "lambda_function_association": [],
                "max_ttl": 0,
                "min_ttl": 0,
                "origin_request_policy_id": "",
                "realtime_log_config_arn": "",
                "response_headers_policy_id": "",
                "smooth_streaming": false,
                "target_origin_id": "site-origin-004",
                "trusted_key_groups": [],
                "trusted_signers": [],
                "viewer_protocol_policy": "https-only"
              }
            ],
            "default_root_object": "index.html",
            "domain_name": "d29hjbkpjhcnon.cloudfront.net",
            "enabled": true,
            "etag": "E1NAE7EUPRWL7B",
            "hosted_zone_id": "Z2FDTNDATAQYW2",
            "http_version": "http2",
            "id": "EDMAPXOPDB4XI",
            "in_progress_validation_batches": 0,
            "is_ipv6_enabled": false,
            "last_modified_time": "2023-06-27 07:53:56.197 +0000 UTC",
            "logging_config": [],
            "ordered_cache_behavior": [],
            "origin": [
              {
                "connection_attempts": 3,
                "connection_timeout": 10,
                "custom_header": [],
                "custom_origin_config": [],
                "domain_name": "site-origin-004.s3.amazonaws.com",
                "origin_access_control_id": "E2YEEQBA3HELDX",
                "origin_id": "site-origin-004",
                "origin_path": "",
                "origin_shield": [],
                "s3_origin_config": []
              }
            ],
            "origin_group": [],
            "price_class": "PriceClass_All",
            "restrictions": [
              {
                "geo_restriction": [
                  {
                    "locations": [],
                    "restriction_type": "none"
                  }
                ]
              }
            ],
            "retain_on_delete": false,
            "status": "Deployed",
            "tags": null,
            "tags_all": {},
            "trusted_key_groups": [
              {
                "enabled": false,
                "items": []
              }
            ],
            "trusted_signers": [
              {
                "enabled": false,
                "items": []
              }
            ],
            "viewer_certificate": [
              {
                "acm_certificate_arn": "",
                "cloudfront_default_certificate": true,
                "iam_certificate_id": "",
                "minimum_protocol_version": "TLSv1",
                "ssl_support_method": ""
              }
            ],
            "wait_for_deployment": true,
            "web_acl_id": ""
          },
          "sensitive_attributes": [],
          "private": "eyJzY2hlbWFfdmVyc2lvbiI6IjEifQ==",
          "dependencies": [
            "module.site_origin_cloudfront2.aws_cloudfront_origin_access_control.site_access",
            "module.site_origin_cloudfront2.aws_s3_bucket.site_origin",
            "module.site_origin_cloudfront2.random_id.oac_id"
          ]
        }
      ]
    },
    {
      "module": "module.site_origin_cloudfront2",
      "mode": "managed",
      "type": "aws_cloudfront_origin_access_control",
      "name": "site_access",
      "provider": "provider[\"registry.terraform.io/hashicorp/aws\"]",
      "instances": [
        {
          "schema_version": 0,
          "attributes": {
            "description": "Example Policy",
            "etag": "ETVPDKIKX0DER",
            "id": "E2YEEQBA3HELDX",
            "name": "security_cf_s3_oac1-71ab80fe39686ee0",
            "origin_access_control_origin_type": "s3",
            "signing_behavior": "always",
            "signing_protocol": "sigv4"
          },
          "sensitive_attributes": [],
          "private": "bnVsbA==",
          "dependencies": [
            "module.site_origin_cloudfront2.random_id.oac_id"
          ]
        }
      ]
    },
    {
      "module": "module.site_origin_cloudfront2",
      "mode": "managed",
      "type": "aws_s3_bucket",
      "name": "site_origin",
      "provider": "provider[\"registry.terraform.io/hashicorp/aws\"]",
      "instances": [
        {
          "schema_version": 0,
          "attributes": {
            "acceleration_status": "",
            "acl": null,
            "arn": "arn:aws:s3:::site-origin-004",
            "bucket": "site-origin-004",
            "bucket_domain_name": "site-origin-004.s3.amazonaws.com",
            "bucket_prefix": "",
            "bucket_regional_domain_name": "site-origin-004.s3.us-east-1.amazonaws.com",
            "cors_rule": [],
            "force_destroy": false,
            "grant": [
              {
                "id": "a0acafa09af710e8533884a35a6dda1ec1171529ca950ae9d9723c42731cdb82",
                "permissions": [
                  "FULL_CONTROL"
                ],
                "type": "CanonicalUser",
                "uri": ""
              }
            ],
            "hosted_zone_id": "Z3AQBSTGFYJSTF",
            "id": "site-origin-004",
            "lifecycle_rule": [],
            "logging": [],
            "object_lock_configuration": [],
            "object_lock_enabled": false,
            "policy": "",
            "region": "us-east-1",
            "replication_configuration": [],
            "request_payer": "BucketOwner",
            "server_side_encryption_configuration": [
              {
                "rule": [
                  {
                    "apply_server_side_encryption_by_default": [
                      {
                        "kms_master_key_id": "",
                        "sse_algorithm": "AES256"
                      }
                    ],
                    "bucket_key_enabled": false
                  }
                ]
              }
            ],
            "tags": {
              "environment": "labs"
            },
            "tags_all": {
              "environment": "labs"
            },
            "timeouts": null,
            "versioning": [
              {
                "enabled": false,
                "mfa_delete": false
              }
            ],
            "website": [],
            "website_domain": null,
            "website_endpoint": null
          },
          "sensitive_attributes": [],
          "private": "eyJlMmJmYjczMC1lY2FhLTExZTYtOGY4OC0zNDM2M2JjN2M0YzAiOnsiY3JlYXRlIjoxMjAwMDAwMDAwMDAwLCJkZWxldGUiOjM2MDAwMDAwMDAwMDAsInJlYWQiOjEyMDAwMDAwMDAwMDAsInVwZGF0ZSI6MTIwMDAwMDAwMDAwMH19"
        }
      ]
    },
    {
      "module": "module.site_origin_cloudfront2",
      "mode": "managed",
      "type": "aws_s3_bucket_policy",
      "name": "site_origin",
      "provider": "provider[\"registry.terraform.io/hashicorp/aws\"]",
      "instances": [
        {
          "schema_version": 0,
          "attributes": {
            "bucket": "site-origin-004",
            "id": "site-origin-004",
            "policy": "{\"Statement\":[{\"Action\":\"s3:GetObject\",\"Condition\":{\"StringEquals\":{\"AWS:SourceArn\":\"arn:aws:cloudfront::996478355195:distribution/EDMAPXOPDB4XI\"}},\"Effect\":\"Allow\",\"Principal\":{\"Service\":\"cloudfront.amazonaws.com\"},\"Resource\":\"arn:aws:s3:::site-origin-004/*\",\"Sid\":\"s3_cloudfront_status_website\"}],\"Version\":\"2012-10-17\"}"
          },
          "sensitive_attributes": [],
          "private": "bnVsbA==",
          "dependencies": [
            "module.site_origin_cloudfront2.aws_cloudfront_distribution.site_access",
            "module.site_origin_cloudfront2.aws_cloudfront_origin_access_control.site_access",
            "module.site_origin_cloudfront2.aws_s3_bucket.site_origin",
            "module.site_origin_cloudfront2.data.aws_iam_policy_document.site_origin",
            "module.site_origin_cloudfront2.random_id.oac_id"
          ]
        }
      ]
    },
    {
      "module": "module.site_origin_cloudfront2",
      "mode": "managed",
      "type": "aws_s3_bucket_public_access_block",
      "name": "site_origin",
      "provider": "provider[\"registry.terraform.io/hashicorp/aws\"]",
      "instances": [
        {
          "schema_version": 0,
          "attributes": {
            "block_public_acls": true,
            "block_public_policy": true,
            "bucket": "site-origin-004",
            "id": "site-origin-004",
            "ignore_public_acls": true,
            "restrict_public_buckets": true
          },
          "sensitive_attributes": [],
          "private": "bnVsbA==",
          "dependencies": [
            "module.site_origin_cloudfront2.aws_s3_bucket.site_origin"
          ]
        }
      ]
    },
    {
      "module": "module.site_origin_cloudfront2",
      "mode": "managed",
      "type": "aws_s3_bucket_server_side_encryption_configuration",
      "name": "site_origin",
      "provider": "provider[\"registry.terraform.io/hashicorp/aws\"]",
      "instances": [
        {
          "schema_version": 0,
          "attributes": {
            "bucket": "site-origin-004",
            "expected_bucket_owner": "",
            "id": "site-origin-004",
            "rule": [
              {
                "apply_server_side_encryption_by_default": [
                  {
                    "kms_master_key_id": "",
                    "sse_algorithm": "AES256"
                  }
                ],
                "bucket_key_enabled": null
              }
            ]
          },
          "sensitive_attributes": [],
          "private": "bnVsbA==",
          "dependencies": [
            "module.site_origin_cloudfront2.aws_s3_bucket.site_origin"
          ]
        }
      ]
    },
    {
      "module": "module.site_origin_cloudfront2",
      "mode": "managed",
      "type": "aws_s3_bucket_versioning",
      "name": "site_origin",
      "provider": "provider[\"registry.terraform.io/hashicorp/aws\"]",
      "instances": [
        {
          "schema_version": 0,
          "attributes": {
            "bucket": "site-origin-004",
            "expected_bucket_owner": "",
            "id": "site-origin-004",
            "mfa": null,
            "versioning_configuration": [
              {
                "mfa_delete": "",
                "status": "Enabled"
              }
            ]
          },
          "sensitive_attributes": [],
          "private": "bnVsbA==",
          "dependencies": [
            "module.site_origin_cloudfront2.aws_s3_bucket.site_origin"
          ]
        }
      ]
    },
    {
      "module": "module.site_origin_cloudfront2",
      "mode": "managed",
      "type": "aws_s3_object",
      "name": "content",
      "provider": "provider[\"registry.terraform.io/hashicorp/aws\"]",
      "instances": [
        {
          "schema_version": 0,
          "attributes": {
            "acl": null,
            "bucket": "site-origin-004",
            "bucket_key_enabled": false,
            "cache_control": "",
            "content": null,
            "content_base64": null,
            "content_disposition": "",
            "content_encoding": "",
            "content_language": "",
            "content_type": "text/html",
            "etag": "7f0a593d1593d5bd90a536154e1d0849",
            "force_destroy": false,
            "id": "index.html",
            "key": "index.html",
            "kms_key_id": null,
            "metadata": null,
            "object_lock_legal_hold_status": "",
            "object_lock_mode": "",
            "object_lock_retain_until_date": "",
            "server_side_encryption": "AES256",
            "source": "./index.html",
            "source_hash": null,
            "storage_class": "STANDARD",
            "tags": null,
            "tags_all": {},
            "version_id": "v78QJFMjRuk0oOT8yRTw3A6biF3fxDxD",
            "website_redirect": ""
          },
          "sensitive_attributes": [],
          "private": "bnVsbA==",
          "dependencies": [
            "module.site_origin_cloudfront2.aws_s3_bucket.site_origin"
          ]
        }
      ]
    },
    {
      "module": "module.site_origin_cloudfront2",
      "mode": "managed",
      "type": "random_id",
      "name": "oac_id",
      "provider": "provider[\"registry.terraform.io/hashicorp/random\"]",
      "instances": [
        {
          "schema_version": 0,
          "attributes": {
            "b64_std": "cauA/jlobuA=",
            "b64_url": "cauA_jlobuA",
            "byte_length": 8,
            "dec": "8190782176676572896",
            "hex": "71ab80fe39686ee0",
            "id": "cauA_jlobuA",
            "keepers": null,
            "prefix": null
          },
          "sensitive_attributes": []
        }
      ]
    }
  ]
}
