{
  "version": 4,
  "terraform_version": "1.2.4",
  "serial": 6,
  "lineage": "4a4c090a-f75f-42e5-0472-e14e96c64c7c",
  "outputs": {},
  "resources": [
    {
      "module": "module.ec2_instance",
      "mode": "managed",
      "type": "aws_iam_role",
      "name": "ec2_role",
      "provider": "module.ec2_instance.provider[\"registry.terraform.io/hashicorp/aws\"]",
      "instances": [
        {
          "schema_version": 0,
          "attributes": {
            "arn": "arn:aws:iam::633489328820:role/my-ec2-role",
            "assume_role_policy": "{\"Statement\":[{\"Action\":\"sts:AssumeRole\",\"Effect\":\"Allow\",\"Principal\":{\"Service\":\"ec2.amazonaws.com\"},\"Sid\":\"\"}],\"Version\":\"2012-10-17\"}",
            "create_date": "2023-05-24T14:22:30Z",
            "description": "",
            "force_detach_policies": false,
            "id": "my-ec2-role",
            "inline_policy": [],
            "managed_policy_arns": [
              "arn:aws:iam::aws:policy/AmazonS3ReadOnlyAccess"
            ],
            "max_session_duration": 3600,
            "name": "my-ec2-role",
            "name_prefix": "",
            "path": "/",
            "permissions_boundary": null,
            "role_last_used": [
              {
                "last_used_date": "",
                "region": ""
              }
            ],
            "tags": {},
            "tags_all": {},
            "unique_id": "AROAZG7XIBK2JVIPA5PCN"
          },
          "sensitive_attributes": [],
          "private": "bnVsbA=="
        }
      ]
    },
    {
      "module": "module.ec2_instance",
      "mode": "managed",
      "type": "aws_iam_role_policy_attachment",
      "name": "ec2_policy_attachment",
      "provider": "module.ec2_instance.provider[\"registry.terraform.io/hashicorp/aws\"]",
      "instances": [
        {
          "schema_version": 0,
          "attributes": {
            "id": "my-ec2-role-20230524142231406100000002",
            "policy_arn": "arn:aws:iam::aws:policy/AmazonS3ReadOnlyAccess",
            "role": "my-ec2-role"
          },
          "sensitive_attributes": [],
          "private": "bnVsbA==",
          "dependencies": [
            "module.ec2_instance.aws_iam_role.ec2_role"
          ]
        }
      ]
    }
  ]
}
