{
  "version": 4,
  "terraform_version": "1.2.4",
  "serial": 6,
  "lineage": "0018eb3e-730e-c910-467a-d257c46265cd",
  "outputs": {
    "kms_key_arns": {
      "value": [
        "arn:aws:kms:us-west-2:633489328820:key/ec9feb12-e637-4f81-83d9-f3243f331af8",
        "arn:aws:kms:us-west-2:633489328820:key/04df5afe-227c-4d2b-8168-2f26fbd8ca94"
      ],
      "type": [
        "tuple",
        [
          "string",
          "string"
        ]
      ]
    }
  },
  "resources": [
    {
      "module": "module.kms",
      "mode": "managed",
      "type": "aws_kms_key",
      "name": "kms",
      "provider": "provider[\"registry.terraform.io/hashicorp/aws\"]",
      "instances": [
        {
          "index_key": 0,
          "schema_version": 0,
          "attributes": {
            "arn": "arn:aws:kms:us-west-2:633489328820:key/ec9feb12-e637-4f81-83d9-f3243f331af8",
            "bypass_policy_lockout_safety_check": false,
            "custom_key_store_id": "",
            "customer_master_key_spec": "SYMMETRIC_DEFAULT",
            "deletion_window_in_days": 30,
            "description": "My KMS Key 1",
            "enable_key_rotation": false,
            "id": "ec9feb12-e637-4f81-83d9-f3243f331af8",
            "is_enabled": true,
            "key_id": "ec9feb12-e637-4f81-83d9-f3243f331af8",
            "key_usage": "ENCRYPT_DECRYPT",
            "multi_region": false,
            "policy": "{\"Id\":\"key-default-1\",\"Statement\":[{\"Action\":\"kms:*\",\"Effect\":\"Allow\",\"Principal\":{\"AWS\":\"arn:aws:iam::633489328820:root\"},\"Resource\":\"*\",\"Sid\":\"Enable IAM User Permissions\"}],\"Version\":\"2012-10-17\"}",
            "tags": {
              "Name": "my-key-1"
            },
            "tags_all": {
              "Name": "my-key-1"
            }
          },
          "sensitive_attributes": [],
          "private": "bnVsbA=="
        },
        {
          "index_key": 1,
          "schema_version": 0,
          "attributes": {
            "arn": "arn:aws:kms:us-west-2:633489328820:key/04df5afe-227c-4d2b-8168-2f26fbd8ca94",
            "bypass_policy_lockout_safety_check": false,
            "custom_key_store_id": "",
            "customer_master_key_spec": "SYMMETRIC_DEFAULT",
            "deletion_window_in_days": 7,
            "description": "My KMS Key 2",
            "enable_key_rotation": false,
            "id": "04df5afe-227c-4d2b-8168-2f26fbd8ca94",
            "is_enabled": true,
            "key_id": "04df5afe-227c-4d2b-8168-2f26fbd8ca94",
            "key_usage": "ENCRYPT_DECRYPT",
            "multi_region": false,
            "policy": "{\"Id\":\"key-default-1\",\"Statement\":[{\"Action\":\"kms:*\",\"Effect\":\"Allow\",\"Principal\":{\"AWS\":\"arn:aws:iam::633489328820:root\"},\"Resource\":\"*\",\"Sid\":\"Enable IAM User Permissions\"}],\"Version\":\"2012-10-17\"}",
            "tags": {
              "Name": "my-key-2"
            },
            "tags_all": {
              "Name": "my-key-2"
            }
          },
          "sensitive_attributes": [],
          "private": "bnVsbA=="
        }
      ]
    },
    {
      "module": "module.kms2",
      "mode": "managed",
      "type": "aws_kms_key",
      "name": "kms",
      "provider": "provider[\"registry.terraform.io/hashicorp/aws\"]",
      "instances": [
        {
          "index_key": 0,
          "schema_version": 0,
          "attributes": {
            "arn": "arn:aws:kms:us-west-2:633489328820:key/29bd3766-2168-4b8c-9589-44c83b45f581",
            "bypass_policy_lockout_safety_check": false,
            "custom_key_store_id": "",
            "customer_master_key_spec": "SYMMETRIC_DEFAULT",
            "deletion_window_in_days": 30,
            "description": "My KMS Key 1",
            "enable_key_rotation": false,
            "id": "29bd3766-2168-4b8c-9589-44c83b45f581",
            "is_enabled": true,
            "key_id": "29bd3766-2168-4b8c-9589-44c83b45f581",
            "key_usage": "ENCRYPT_DECRYPT",
            "multi_region": false,
            "policy": "{\"Id\":\"key-default-1\",\"Statement\":[{\"Action\":\"kms:*\",\"Effect\":\"Allow\",\"Principal\":{\"AWS\":\"arn:aws:iam::633489328820:root\"},\"Resource\":\"*\",\"Sid\":\"Enable IAM User Permissions\"}],\"Version\":\"2012-10-17\"}",
            "tags": {
              "Name": "my-key-1"
            },
            "tags_all": {
              "Name": "my-key-1"
            }
          },
          "sensitive_attributes": [],
          "private": "bnVsbA=="
        },
        {
          "index_key": 1,
          "schema_version": 0,
          "attributes": {
            "arn": "arn:aws:kms:us-west-2:633489328820:key/6947555a-e45e-460e-9e5a-3e3382e024cc",
            "bypass_policy_lockout_safety_check": false,
            "custom_key_store_id": "",
            "customer_master_key_spec": "SYMMETRIC_DEFAULT",
            "deletion_window_in_days": 7,
            "description": "My KMS Key 2",
            "enable_key_rotation": false,
            "id": "6947555a-e45e-460e-9e5a-3e3382e024cc",
            "is_enabled": true,
            "key_id": "6947555a-e45e-460e-9e5a-3e3382e024cc",
            "key_usage": "ENCRYPT_DECRYPT",
            "multi_region": false,
            "policy": "{\"Id\":\"key-default-1\",\"Statement\":[{\"Action\":\"kms:*\",\"Effect\":\"Allow\",\"Principal\":{\"AWS\":\"arn:aws:iam::633489328820:root\"},\"Resource\":\"*\",\"Sid\":\"Enable IAM User Permissions\"}],\"Version\":\"2012-10-17\"}",
            "tags": {
              "Name": "my-key-2"
            },
            "tags_all": {
              "Name": "my-key-2"
            }
          },
          "sensitive_attributes": [],
          "private": "bnVsbA=="
        }
      ]
    }
  ]
}
